{
  "name": "markettwin",
  "version": "0.1.0",
  "lockfileVersion": 3,
  "requires": true,
  "packages": {
    "": {
      "name": "markettwin",
      "version": "0.1.0",
      "workspaces": [
        "apps/*",
        "services/browser-runtime",
        "packages/*"
      ],
      "engines": {
        "node": ">=22",
        "npm": ">=10"
      }
    },
    "apps/web": {
      "name": "@markettwin/web",
      "version": "0.1.0"
    },
    "node_modules/@markettwin/agent-schemas": {
      "resolved": "packages/agent-schemas",
      "link": true
    },
    "node_modules/@markettwin/browser-runtime": {
      "resolved": "services/browser-runtime",
      "link": true
    },
    "node_modules/@markettwin/evaluation-rubrics": {
      "resolved": "packages/evaluation-rubrics",
      "link": true
    },
    "node_modules/@markettwin/event-schemas": {
      "resolved": "packages/event-schemas",
      "link": true
    },
    "node_modules/@markettwin/mission-schemas": {
      "resolved": "packages/mission-schemas",
      "link": true
    },
    "node_modules/@markettwin/openapi-client": {
      "resolved": "packages/openapi-client",
      "link": true
    },
    "node_modules/@markettwin/policy-rules": {
      "resolved": "packages/policy-rules",
      "link": true
    },
    "node_modules/@markettwin/web": {
      "resolved": "apps/web",
      "link": true
    },
    "packages/agent-schemas": {
      "name": "@markettwin/agent-schemas",
      "version": "0.1.0"
    },
    "packages/evaluation-rubrics": {
      "name": "@markettwin/evaluation-rubrics",
      "version": "0.1.0"
    },
    "packages/event-schemas": {
      "name": "@markettwin/event-schemas",
      "version": "0.1.0"
    },
    "packages/mission-schemas": {
      "name": "@markettwin/mission-schemas",
      "version": "0.1.0"
    },
    "packages/openapi-client": {
      "name": "@markettwin/openapi-client",
      "version": "0.1.0"
    },
    "packages/policy-rules": {
      "name": "@markettwin/policy-rules",
      "version": "0.1.0"
    },
    "services/browser-runtime": {
      "name": "@markettwin/browser-runtime",
      "version": "0.1.0"
    }
  }
}
